
Microsoft Visual Studio Solution File, Format Version 12.00
# Visual Studio Version 16
VisualStudioVersion = 16.0.30002.166
MinimumVisualStudioVersion = 10.0.40219.1
Project("{FAE04EC0-301F-11D3-BF4B-00C04F79EFBC}") = "PasswordChanger", "PasswordChanger\PasswordChanger.csproj", "{F517079E-CF56-4958-BD03-C3EEE40BA35E}"
EndProject
Global
	GlobalSection(SolutionConfigurationPlatforms) = preSolution
		Debug|Any CPU = Debug|Any CPU
		Release|Any CPU = Release|Any CPU
	EndGlobalSection
	GlobalSection(ProjectConfigurationPlatforms) = postSolution
		{F517079E-CF56-4958-BD03-C3EEE40BA35E}.Debug|Any CPU.ActiveCfg = Debug|Any CPU
		{F517079E-CF56-4958-BD03-C3EEE40BA35E}.Debug|Any CPU.Build.0 = Debug|Any CPU
		{F517079E-CF56-4958-BD03-C3EEE40BA35E}.Release|Any CPU.ActiveCfg = Release|Any CPU
		{F517079E-CF56-4958-BD03-C3EEE40BA35E}.Release|Any CPU.Build.0 = Release|Any CPU
	EndGlobalSection
	GlobalSection(SolutionProperties) = preSolution
		HideSolutionNode = FALSE
	EndGlobalSection
	GlobalSection(ExtensibilityGlobals) = postSolution
		SolutionGuid = {457681D8-EBDD-4EF4-B68A-42344BB36803}
	EndGlobalSection
EndGlobal
